cloud.google.com/go v0.121.0 h1:pgfwva8nGw7vivjZiRfrmglGWiCJBP+0OmDpenG/Fwg=
cloud.google.com/go v0.121.0/go.mod h1:rS7Kytwheu/y9buoDmu5EIpMMCI4Mb8ND4aeN4Vwj7Q=
cloud.google.com/go/auth v0.16.1 h1:XrXauHMd30LhQYVRHLGvJiYeczweKQXZxsTbV9TiguU=
cloud.google.com/go/auth v0.16.1/go.mod h1:1howDHJ5IETh/LwYs3ZxvlkXF48aSqqJUM+5o02dNOI=
cloud.google.com/go/auth/oauth2adapt v0.2.8 h1:keo8NaayQZ6wimpNSmW5OPc283g65QNIiLpZnkHRbnc=
cloud.google.com/go/auth/oauth2adapt v0.2.8/go.mod h1:XQ9y31RkqZCcwJWNSx2Xvric3RrU88hAYYbjDWYDL+c=
cloud.google.com/go/compute/metadata v0.6.0 h1:A6hENjEsCDtC1k8byVsgwvVcioamEHvZ4j01OwKxG9I=
cloud.google.com/go/compute/metadata v0.6.0/go.mod h1:FjyFAW1MW0C203CEOMDTu3Dk1FlqW3Rga40jzHL4hfg=
github.com/Azure/azure-sdk-for-go/sdk/azcore v1.18.0 h1:Gt0j3wceWMwPmiazCa8MzMA0MfhmPIz0Qp0FJ6qcM0U=
github.com/Azure/azure-sdk-for-go/sdk/azcore v1.18.0/go.mod h1:Ot/6aikWnKWi4l9QB7qVSwa8iMphQNqkWALMoNT3rzM=
github.com/Azure/azure-sdk-for-go/sdk/azidentity v1.9.0 h1:OVoM452qUFBrX+URdH3VpR299ma4kfom0yB0URYky9g=
github.com/Azure/azure-sdk-for-go/sdk/azidentity v1.9.0/go.mod h1:kUjrAo8bgEwLeZ/CmHqNl3Z/kPm7y6FKfxxK0izYUg4=
github.com/Azure/azure-sdk-for-go/sdk/azidentity/cache v0.3.2 h1:yz1bePFlP5Vws5+8ez6T3HWXPmwOK7Yvq8QxDBD3SKY=
github.com/Azure/azure-sdk-for-go/sdk/azidentity/cache v0.3.2/go.mod h1:Pa9ZNPuoNu/GztvBSKk9J1cDJW6vk/n0zLtV4mgd8N8=
github.com/Azure/azure-sdk-for-go/sdk/internal v1.11.1 h1:FPKJS1T+clwv+OLGt13a8UjqeRuh0O4SJ3lUriThc+4=
github.com/Azure/azure-sdk-for-go/sdk/internal v1.11.1/go.mod h1:j2chePtV91HrC22tGoRX3sGY42uF13WzmmV80/OdVAA=
github.com/Azure/azure-sdk-for-go/sdk/resourcemanager/dns/armdns v1.2.0 h1:lpOxwrQ919lCZoNCd69rVt8u1eLZuMORrGXqy8sNf3c=
github.com/Azure/azure-sdk-for-go/sdk/resourcemanager/dns/armdns v1.2.0/go.mod h1:fSvRkb8d26z9dbL40Uf/OO6Vo9iExtZK3D0ulRV+8M0=
github.com/AzureAD/microsoft-authentication-extensions-for-go/cache v0.1.1 h1:WJTmL004Abzc5wDB5VtZG2PJk5ndYDgVacGqfirKxjM=
github.com/AzureAD/microsoft-authentication-extensions-for-go/cache v0.1.1/go.mod h1:tCcJZ0uHAmvjsVYzEFivsRTN00oz5BEsRgQHu5JZ9WE=
github.com/AzureAD/microsoft-authentication-library-for-go v1.4.2 h1:oygO0locgZJe7PpYPXT5A29ZkwJaPqcva7BVeemZOZs=
github.com/AzureAD/microsoft-authentication-library-for-go v1.4.2/go.mod h1:wP83P5OoQ5p6ip3ScPr0BAq0BvuPAvacpEuSzyouqAI=
github.com/G-Core/gcore-dns-sdk-go v0.3.0 h1:G/kgCG/TSAuoIRDQkPHBG3tp726QjWDMooVtmFm7PLo=
github.com/G-Core/gcore-dns-sdk-go v0.3.0/go.mod h1:35t795gOfzfVanhzkFyUXEzaBuMXwETmJldPpP28MN4=
github.com/antchfx/xpath v1.2.1 h1:qhp4EW6aCOVr5XIkT+l6LJ9ck/JsUH/yyauNgTQkBF8=
github.com/antchfx/xpath v1.2.1/go.mod h1:i54GszH55fYfBmoZXapTHN8T8tkcHfRgLyVwwqzXNcs=
github.com/boombuler/barcode v1.0.1-0.20190219062509-6c824513bacc/go.mod h1:paBWMcWSl3LHKBqUq+rly7CNSldXjb2rDl3JlRe0mD8=
github.com/boombuler/barcode v1.0.1 h1:NDBbPmhS+EqABEs5Kg3n/5ZNjy73Pz7SIV+KCeqyXcs=
github.com/boombuler/barcode v1.0.1/go.mod h1:paBWMcWSl3LHKBqUq+rly7CNSldXjb2rDl3JlRe0mD8=
github.com/cenkalti/backoff/v4 v4.3.0 h1:MyRJ/UdXutAwSAT+s3wNd7MfTIcy71VQueUuFK343L8=
github.com/cenkalti/backoff/v4 v4.3.0/go.mod h1:Y3VNntkOUPxTVeUxJ/G5vcM//AlwfmyYozVcomhLiZE=
github.com/cespare/xxhash/v2 v2.3.0 h1:UL815xU9SqsFlibzuggzjXhog7bL6oX9BbNZnL2UFvs=
github.com/cespare/xxhash/v2 v2.3.0/go.mod h1:VGX0DQ3Q6kWi7AoAeZDth3/j3BFtOZR5XLFGgcrjCOs=
github.com/chzyer/logex v1.1.10/go.mod h1:+Ywpsq7O8HXn0nuIou7OrIPyXbp3wmkHB+jjWRnGsAI=
github.com/chzyer/readline v0.0.0-20180603132655-2972be24d48e/go.mod h1:nSuG5e5PlCu98SY8svDHJxuZscDgtXS6KTTbou5AhLI=
github.com/chzyer/test v0.0.0-20180213035817-a1ea475d72b1/go.mod h1:Q3SI9o4m/ZMnBNeIyt5eFwwo7qiLfzFZmjNmxjkiQlU=
github.com/containrrr/shoutrrr v0.8.0 h1:mfG2ATzIS7NR2Ec6XL+xyoHzN97H8WPjir8aYzJUSec=
github.com/containrrr/shoutrrr v0.8.0/go.mod h1:ioyQAyu1LJY6sILuNyKaQaw+9Ttik5QePU8atnAdO2o=
github.com/davecgh/go-spew v1.1.0/go.mod h1:J7Y8YcW2NihsgmVo/mv3lAwl/skON4iLHjSsI+c5H38=
github.com/davecgh/go-spew v1.1.2-0.20180830191138-d8f796af33cc h1:U9qPSI2PIWSS1VwoXQT9A3Wy9MM3WgvqSxFWenqJduM=
github.com/davecgh/go-spew v1.1.2-0.20180830191138-d8f796af33cc/go.mod h1:J7Y8YcW2NihsgmVo/mv3lAwl/skON4iLHjSsI+c5H38=
github.com/dgryski/go-rendezvous v0.0.0-20200823014737-9f7001d12a5f h1:lO4WD4F/rVNCu3HqELle0jiPLLBs70cWOduZpkS1E78=
github.com/dgryski/go-rendezvous v0.0.0-20200823014737-9f7001d12a5f/go.mod h1:cuUVRXasLTGF7a8hSLbxyZXjz+1KgoB3wDUb6vlszIc=
github.com/digitalocean/godo v1.148.0 h1:th91q+6bZY+Slgs9eZxBupa2+aUUYn1qT7gPICFmtPA=
github.com/digitalocean/godo v1.148.0/go.mod h1:tYeiWY5ZXVpU48YaFv0M5irUFHXGorZpDNm7zzdWMzM=
github.com/dnsimple/dnsimple-go/v5 v5.0.0 h1:uRncBLZxYXTyUbSBbUwcyJG6d6lNZw9JoMpO3dZVN6U=
github.com/dnsimple/dnsimple-go/v5 v5.0.0/go.mod h1:KztNfr/vJ3VG1jBi7Pq796ZgysADnnMGZe2Gn4CNY1U=
github.com/fatih/color v1.16.0 h1:zmkK9Ngbjj+K0yRhTVONQh1p/HknKYSlNT+vZCzyokM=
github.com/fatih/color v1.16.0/go.mod h1:fL2Sau1YI5c0pdGEVCbKQbLXB6edEj1ZgiY4NijnWvE=
github.com/felixge/httpsnoop v1.0.4 h1:NFTV2Zj1bL4mc9sqWACXbQFVBBg2W3GPvqp8/ESS2Wg=
github.com/felixge/httpsnoop v1.0.4/go.mod h1:m8KPJKqk1gH5J9DgRY2ASl2lWCfGKXixSwevea8zH2U=
github.com/glendc/go-external-ip v0.1.0 h1:iX3xQ2Q26atAmLTbd++nUce2P5ht5P4uD4V7caSY/xg=
github.com/glendc/go-external-ip v0.1.0/go.mod h1:CNx312s2FLAJoWNdJWZ2Fpf5O4oLsMFwuYviHjS4uJE=
github.com/go-logr/logr v1.2.2/go.mod h1:jdQByPbusPIv2/zmleS9BjJVeZ6kBagPoEUsqbVz/1A=
github.com/go-logr/logr v1.4.2 h1:6pFjapn8bFcIbiKo3XT4j/BhANplGihG6tvd+8rYgrY=
github.com/go-logr/logr v1.4.2/go.mod h1:9T104GzyrTigFIr8wt5mBrctHMim0Nb2HLGrmQ40KvY=
github.com/go-logr/stdr v1.2.2 h1:hSWxHoqTgW2S2qGc0LTAI563KZ5YKYRhT3MFKZMbjag=
github.com/go-logr/stdr v1.2.2/go.mod h1:mMo/vtBO5dYbehREoey6XUKy/eSumjCCveDpRre4VKE=
github.com/go-task/slim-sprig v0.0.0-20230315185526-52ccab3ef572 h1:tfuBGBXKqDEevZMzYi5KSi8KkcZtzBcTgAUUtapy0OI=
github.com/go-task/slim-sprig v0.0.0-20230315185526-52ccab3ef572/go.mod h1:9Pwr4B2jHnOSGXyyzV8ROjYa2ojvAY6HCGYYfMoC3Ls=
github.com/goccy/go-yaml v1.18.0 h1:8W7wMFS12Pcas7KU+VVkaiCng+kG8QiFeFwzFb+rwuw=
github.com/goccy/go-yaml v1.18.0/go.mod h1:XBurs7gK8ATbW4ZPGKgcbrY1Br56PdM69F7LkFRi1kA=
github.com/golang-jwt/jwt/v5 v5.2.2 h1:Rl4B7itRWVtYIHFrSNd7vhTiz9UpLdi6gZhZ3wEeDy8=
github.com/golang-jwt/jwt/v5 v5.2.2/go.mod h1:pqrtFR0X4osieyHYxtmOUWsAWrfe1Q5UVIyoH402zdk=
github.com/golang/protobuf v1.5.4 h1:i7eJL8qZTpSEXOPTxNKhASYpMn+8e5Q6AdndVa1dWek=
github.com/golang/protobuf v1.5.4/go.mod h1:lnTiLA8Wa4RWRcIUkrtSVa5nRhsEGBg48fD6rSs7xps=
github.com/google/go-cmp v0.5.2/go.mod h1:v8dTdLbMG2kIc/vJvl+f65V22dbkXbowE6jgT/gNBxE=
github.com/google/go-cmp v0.7.0 h1:wk8382ETsv4JYUZwIsn6YpYiWiBsYLSJiTsyBybVuN8=
github.com/google/go-cmp v0.7.0/go.mod h1:pXiqmnSA92OHEEa9HXL2W4E7lf9JzCmGVUdgjX3N/iU=
github.com/google/go-querystring v1.1.0 h1:AnCroh3fv4ZBgVIf1Iwtovgjaw/GiKJo8M8yD/fhyJ8=
github.com/google/go-querystring v1.1.0/go.mod h1:Kcdr2DB4koayq7X8pmAG4sNG59So17icRSOU623lUBU=
github.com/google/martian/v3 v3.3.3 h1:DIhPTQrbPkgs2yJYdXU/eNACCG5DVQjySNRNlflZ9Fc=
github.com/google/martian/v3 v3.3.3/go.mod h1:iEPrYcgCF7jA9OtScMFQyAlZZ4YXTKEtJ1E6RWzmBA0=
github.com/google/pprof v0.0.0-20210720184732-4bb14d4b1be1 h1:K6RDEckDVWvDI9JAJYCmNdQXq6neHJOYx3V6jnqNEec=
github.com/google/pprof v0.0.0-20210720184732-4bb14d4b1be1/go.mod h1:kpwsk12EmLew5upagYY7GY0pfYCcupk39gWOCRROcvE=
github.com/google/s2a-go v0.1.9 h1:LGD7gtMgezd8a/Xak7mEWL0PjoTQFvpRudN895yqKW0=
github.com/google/s2a-go v0.1.9/go.mod h1:YA0Ei2ZQL3acow2O62kdp9UlnvMmU7kA6Eutn0dXayM=
github.com/google/uuid v1.6.0 h1:NIvaJDMOsjHA8n1jAhLSgzrAzy1Hgr+hNrb57e+94F0=
github.com/google/uuid v1.6.0/go.mod h1:TIyPZe4MgqvfeYDBFedMoGGpEw/LqOeaOT+nhxU+yHo=
github.com/googleapis/enterprise-certificate-proxy v0.3.6 h1:GW/XbdyBFQ8Qe+YAmFU9uHLo7OnF5tL52HFAgMmyrf4=
github.com/googleapis/enterprise-certificate-proxy v0.3.6/go.mod h1:MkHOF77EYAE7qfSuSS9PU6g4Nt4e11cnsDUowfwewLA=
github.com/googleapis/gax-go/v2 v2.14.1 h1:hb0FFeiPaQskmvakKu5EbCbpntQn48jyHuvrkurSS/Q=
github.com/googleapis/gax-go/v2 v2.14.1/go.mod h1:Hb/NubMaVM88SrNkvl8X/o8XWwDJEPqouaLeN2IUxoA=
github.com/hashicorp/go-cleanhttp v0.5.2 h1:035FKYIWjmULyFRBKPs8TBQoi0x6d9G4xc9neXJWAZQ=
github.com/hashicorp/go-cleanhttp v0.5.2/go.mod h1:kO/YDlP8L1346E6Sodw+PrpBSV4/SoxCXGY6BqNFT48=
github.com/hashicorp/go-hclog v1.6.3 h1:Qr2kF+eVWjTiYmU7Y31tYlP1h0q/X3Nl3tPGdaB11/k=
github.com/hashicorp/go-hclog v1.6.3/go.mod h1:W4Qnvbt70Wk/zYJryRzDRU/4r0kIg0PVHBcfoyhpF5M=
github.com/hashicorp/go-retryablehttp v0.7.7 h1:C8hUCYzor8PIfXHa4UrZkU4VvK8o9ISHxT2Q8+VepXU=
github.com/hashicorp/go-retryablehttp v0.7.7/go.mod h1:pkQpWZeYWskR+D1tR2O5OcBFOxfA7DoAO6xtkuQnHTk=
github.com/ianlancetaylor/demangle v0.0.0-20200824232613-28f6c0f3b639/go.mod h1:aSSvb/t6k1mPoxDqO4vJh6VOCGPwU4O0C2/Eqndh1Sc=
github.com/jarcoal/httpmock v1.3.0 h1:2RJ8GP0IIaWwcC9Fp2BmVi8Kog3v2Hn7VXM3fTd+nuc=
github.com/jarcoal/httpmock v1.3.0/go.mod h1:3yb8rc4BI7TCBhFY8ng0gjuLKJNquuDNiPaZjnENuYg=
github.com/joho/godotenv v1.5.1 h1:7eLL/+HRGLY0ldzfGMeQkb7vMd0as4CfYvUVzLqw0N0=
github.com/joho/godotenv v1.5.1/go.mod h1:f4LDr5Voq0i2e/R5DDNOoa2zzDfwtkZa6DnEwAbqwq4=
github.com/keybase/go-keychain v0.0.1 h1:way+bWYa6lDppZoZcgMbYsvC7GxljxrskdNInRtuthU=
github.com/keybase/go-keychain v0.0.1/go.mod h1:PdEILRW3i9D8JcdM+FmY6RwkHGnhHxXwkPPMeUgOK1k=
github.com/kolo/xmlrpc v0.0.0-20201022064351-38db28db192b h1:iNjcivnc6lhbvJA3LD622NPrUponluJrBWPIwGG/3Bg=
github.com/kolo/xmlrpc v0.0.0-20201022064351-38db28db192b/go.mod h1:pcaDhQK0/NJZEvtCO0qQPPropqV0sJOJ6YW7X+9kRwM=
github.com/kr/pretty v0.3.1 h1:flRD4NNwYAUpkphVc1HcthR4KEIFJ65n8Mw5qdRn3LE=
github.com/kr/pretty v0.3.1/go.mod h1:hoEshYVHaxMs3cyo3Yncou5ZscifuDolrwPKZanG3xk=
github.com/kr/text v0.2.0 h1:5Nx0Ya0ZqY2ygV366QzturHI13Jq95ApcVaJBhpS+AY=
github.com/kr/text v0.2.0/go.mod h1:eLer722TekiGuMkidMxC/pM04lWEeraHUUmBw8l2grE=
github.com/kylelemons/godebug v1.1.0 h1:RPNrshWIDI6G2gRW9EHilWtl7Z6Sb1BR0xunSBf0SNc=
github.com/kylelemons/godebug v1.1.0/go.mod h1:9/0rRGxNHcop5bhtWyNeEfOS8JIWk580+fNqagV/RAw=
github.com/libdns/acmedns v0.3.0-beta.2 h1:d/uV/xPVJOSw5/7uShTepWNx3i3U/heYrM+eNTxFpAg=
github.com/libdns/acmedns v0.3.0-beta.2/go.mod h1:IeM672vwE508cuAsx5ylOT6dFnQPRrvroK16LIxUwk8=
github.com/libdns/acmeproxy v0.0.0-20250423082816-f8e0a6620ddd h1:bBqwHIX6JsdzW3rL+1FZ/gFc+XjTWY9JF/vCZLTbXvY=
github.com/libdns/acmeproxy v0.0.0-20250423082816-f8e0a6620ddd/go.mod h1:II3fJcVY6zWiAPrXY/oHFKUZVCFhepsT2BSEv6a4G78=
github.com/libdns/alidns v1.0.5-libdns.v1.beta1 h1:txHK7UxDed3WFBDjrTZPuMn8X+WmhjBTTAMW5xdy5pQ=
github.com/libdns/alidns v1.0.5-libdns.v1.beta1/go.mod h1:ystHmPwcGoWjPrGpensQSMY9VoCx4cpR2hXNlwk9H/g=
github.com/libdns/azure v0.5.0 h1:zqIjuEinZsuIS9jlooJlc562Xwtlng5boruHoo7xbkc=
github.com/libdns/azure v0.5.0/go.mod h1:9aCIh+jdIR/+6sTIsONLGGUjho9vjneRS59hSqIJo7k=
github.com/libdns/bunny v1.5.0 h1:FMh0QBCvBdGl6KXKuXbTAFw2Wy6XyUOoIwtTFFjrZ5U=
github.com/libdns/bunny v1.5.0/go.mod h1:v0EWdOJv51vYJaXQD0UNz/FfBrHlFaiPUO16YG318+o=
github.com/libdns/cloudflare v0.2.1 h1:E8aoP5o79AU47t1XyzCgSecST3GvWv/nC3ycibg0t+o=
github.com/libdns/cloudflare v0.2.1/go.mod h1:Aq4IXdjalB6mD0ELvKqJiIGim8zSC6mlIshRPMOAb5w=
github.com/libdns/cloudns v1.1.0 h1:W+1MadtxKySn3b5RITFTsXgTIvr5VoO5x97cewjlDcs=
github.com/libdns/cloudns v1.1.0/go.mod h1:/22V6tYYDALDpM4pw/RGGJ+X2F1Luibty9kKpKvkqBM=
github.com/libdns/desec v1.0.1 h1:q8U+/dE4W7V3N9wsAC6aOceP4vOMKaa02D15N3Gg0dc=
github.com/libdns/desec v1.0.1/go.mod h1:kyNfDM37feCTHJO4ha0SCRafQQS+dQ/kBRWwZYDfrJo=
github.com/libdns/digitalocean v0.0.0-20250606071607-dfa7af5c2e31 h1:raIuvxYVJtZ60hREOOL3MS2AS3xA0W2G3grPQ4rGTeo=
github.com/libdns/digitalocean v0.0.0-20250606071607-dfa7af5c2e31/go.mod h1:hde/tjNiPFe1lLaf2TtaCAYgJ9j/SGLhaQMpgZlF6e0=
github.com/libdns/directadmin v0.4.0 h1:PP5SeCzb4ABZLuynMwMKjedk7rysqxRWJVf+goX+QU8=
github.com/libdns/directadmin v0.4.0/go.mod h1:pCxKwBSzA0STDOkExDBYBfKEGZ9YL4KxEoy/1NvcaPA=
github.com/libdns/dnsimple v0.4.0 h1:CH4Ry+mAjCQMercwJPq1Qsa5WlcMpB2ABmqRoJ/Betg=
github.com/libdns/dnsimple v0.4.0/go.mod h1:Tzp8osNTt5J3UdozVQHIY4CUqjxfFL9UwPjv+7cQmm0=
github.com/libdns/domainnameshop v0.2.1 h1:L+obRZCHx5Wxz2f0jSrffZqiBz07sA1Z+JHb/2D0a0E=
github.com/libdns/domainnameshop v0.2.1/go.mod h1:9A3zVeYWwRdnTvYWAW7QayV840knMH+v9GNasKaeB+s=
github.com/libdns/duckdns v0.3.0 h1:YsNlEDrA/F6dOjOCPewS9wqA9OKE5Rduk5eVpAPdcQA=
github.com/libdns/duckdns v0.3.0/go.mod h1:vYP8yqVE55XmLSj0LM3T2i4GO0tCyepXggsJvMwGwws=
github.com/libdns/dynu v1.0.0 h1:u/awzTO0+EUElTkw+dNNAx/57uc1FXUtt4tpZnXBiTE=
github.com/libdns/dynu v1.0.0/go.mod h1:CkFJd1efpSaFkF3MpXBAdarjebCN4cGjUMfxcN87JfA=
github.com/libdns/edgeone v0.0.0-20250723013436-1d60112fecc1 h1:6SBEhVfNgy1Fp9VeEZW4S5k6C2wS0UVO+KnKGPeb+JA=
github.com/libdns/edgeone v0.0.0-20250723013436-1d60112fecc1/go.mod h1:wcFGibBoeV5OqcgNVcippISIENw764rVJwoRCipgI/c=
github.com/libdns/gandi v1.1.0 h1:gBBbx23xejvOpbUX7HRqCYsROYag5+OUMGhQXzAkol4=
github.com/libdns/gandi v1.1.0/go.mod h1:HAbs4cfjYUX28d25Iyn9rq4oNLoVLpJ6YSkRFLbo9IE=
github.com/libdns/gcore v0.0.0-20250427050847-9964da923833 h1:/gsawtsq03cI7qgK65v16tYHIh40omL9YEzHWqnc63I=
github.com/libdns/gcore v0.0.0-20250427050847-9964da923833/go.mod h1:jZJEV7pCTOJFlaUhHty+YwR05dzoSmInXK/vT3wOeVg=
github.com/libdns/glesys v1.0.0 h1:lbH4g7NuNWZQPvkaJB+fovksp38DnjUOvcKpNtEcdjM=
github.com/libdns/glesys v1.0.0/go.mod h1:b+fMvgQt+9VC+YvsTWBgwYmjL6ruvLIZ7H2u8zRsVN0=
github.com/libdns/googleclouddns v1.2.0 h1:6K333FYwKkiOuq0Rpe5XVyUkgNoY3X7RgKqVMFEtaEs=
github.com/libdns/googleclouddns v1.2.0/go.mod h1:ubTPz+22nDk9aOmNBQAOgHd3/yfKUPZXB88XHrP5iCk=
github.com/libdns/he v1.2.0 h1:TENoTzy75Fs73I7V57CY70n+bJ92v+sSKC6qz9+s5cM=
github.com/libdns/he v1.2.0/go.mod h1:rsdX8xea4xSDTI6G83Z8b9YhB2KapZSW31pHmrrl1rM=
github.com/libdns/hetzner v1.0.0 h1:dFcgqTIfdiKQTqoqBBtgU9CewD8JSnB7p6BKxQ5kheM=
github.com/libdns/hetzner v1.0.0/go.mod h1:OmuTyXMHTfy2nCqbt9KYkf0KwQSvo0ZeFGxEQSl3r2w=
github.com/libdns/huaweicloud v1.0.0 h1:BQUIkOAjF++ouiANRIE3jdMlCfeiAAr6tGqb+8hM1jo=
github.com/libdns/huaweicloud v1.0.0/go.mod h1:W+XywkW+C93fM50Ayklf6KuoCHZTqbrmFUEtpQnVvcU=
github.com/libdns/infomaniak v0.2.0 h1:TC3jP68Tnw4sAi87r1xNY4fPF5Cs5SPGbEkTWvXCmnc=
github.com/libdns/infomaniak v0.2.0/go.mod h1:2RTkgFMLv45OPE8dwgFZKn4PKzECdVADdHdkIcbUZWE=
github.com/libdns/inwx v0.3.0 h1:TFKFqKUDfrlmKpeZc0mxAM3o9GZ4sQ7cwq+KyuybGWk=
github.com/libdns/inwx v0.3.0/go.mod h1:q+nLyMTVQGL8DRCLGB1IT6WIWr9GOu8billodJNQssY=
github.com/libdns/ionos v1.2.0 h1:FQ2xQTBfsjc7aMArRBBCs9l48Squt76GHXbxDsqOKgw=
github.com/libdns/ionos v1.2.0/go.mod h1:g/JYno/+VXdujTGPBDMDeCfeLF0PJyJynsCrFu+2EFQ=
github.com/libdns/libdns v1.0.0-beta.1/go.mod h1:4Bj9+5CQiNMVGf87wjX4CY3HQJypUHRuLvlsfsZqLWQ=
github.com/libdns/libdns v1.1.0 h1:9ze/tWvt7Df6sbhOJRB8jT33GHEHpEQXdtkE3hPthbU=
github.com/libdns/libdns v1.1.0/go.mod h1:4Bj9+5CQiNMVGf87wjX4CY3HQJypUHRuLvlsfsZqLWQ=
github.com/libdns/loopia v1.0.0 h1:W8ChptbAy68plkkK8t8A3yi33f8xUm8cRgcCfOgVJ0Q=
github.com/libdns/loopia v1.0.0/go.mod h1:IueWAV9Ao+W8ZT7IQKpj+cpXHWT12oW8DkOH9+Ad7iM=
github.com/libdns/luadns v0.2.0 h1:aQqrkPF3Yn2RMukRW76swIZd0fUXGGpx/y2ll+DY6nQ=
github.com/libdns/luadns v0.2.0/go.mod h1:AeaXO0+/Cfhh6N5pFJPnDmT/m31pFrxLFfjAdfRIai8=
github.com/libdns/mailinabox v1.0.0 h1:e5CY7TPAIzxYPSq/LyuLZ8HQe+N4xwj75AMoNVJCQYI=
github.com/libdns/mailinabox v1.0.0/go.mod h1:6MRAO/RlJyh7NajEaGjN/J1Ue6bJ0hM72ajU1h9CD2I=
github.com/libdns/metaname v0.4.1 h1:uTMnGnFnLGaSobuP1rnLVlDshc7BD6ImKeg/4agd5Tg=
github.com/libdns/metaname v0.4.1/go.mod h1:8ScdpqoOsG7n+nc2Y7hnEyttiTqspq/VxRg9mjSviHY=
github.com/libdns/mijnhost v0.2.0 h1:zTOxz5wdafC1+c03ZfvH71m/DxWepzRBAxlWxU0iKnw=
github.com/libdns/mijnhost v0.2.0/go.mod h1:Pu/NSISRCF82Acvh3nt7pqlsjBLyZS9SRIW1AsbLfXc=
github.com/libdns/namesilo v1.0.0 h1:Shwbj9YnSp4NR617sBOSfDkFozEnWInWCxNwrDvPkCg=
github.com/libdns/namesilo v1.0.0/go.mod h1:qdojVsogA6eZDjDPdpIUIfv4ymiX+FuqcVV1eNmHDss=
github.com/libdns/netcup v1.0.0 h1:+hXRhnCWPTBhsuZX+laBrWt+ijDINoq7zVbaA2UHFuY=
github.com/libdns/netcup v1.0.0/go.mod h1:yfRQIwtgK9T3o2MZjMrPJhtJgH2uHNWJQfZ1n28J/3I=
github.com/libdns/nfsn v1.0.0 h1:AoDj0vrSoKe6lgx1gfKMgTeLwlSltDLciWad6JL4Yu4=
github.com/libdns/nfsn v1.0.0/go.mod h1:CBuyfD3jgb5V/WJeC/G9R5I93kFVVU7J6LAKWM7M3bA=
github.com/libdns/ovh v1.1.0 h1:J909NRjU2IwRxvwwuvrHRomQ7lyetZdUISkqEhgmNYA=
github.com/libdns/ovh v1.1.0/go.mod h1:NspcMQgmvCyHr4jhu+Zli/RQ86Vvt+jNtLzMMeOP8ag=
github.com/libdns/porkbun v1.1.0 h1:X763NqXjW26VEl7GvBtF/3CGeuGt9JqoQ35mwIlx40E=
github.com/libdns/porkbun v1.1.0/go.mod h1:JL6NfXkkSlLr24AI5Fv0t3/Oa6PXOSOerVsOmr8+URs=
github.com/libdns/regfish v0.0.0-20250710113612-8b64bd89b1ca h1:AaWgdHpTh5C4LHA1kmiOhv6Pq0XvNt0v/VNW6L14Ba4=
github.com/libdns/regfish v0.0.0-20250710113612-8b64bd89b1ca/go.mod h1:QgDBSE2UsduJmL5+VWgQIuax2bXO8JaJ+ETZbykPQwo=
github.com/libdns/rfc2136 v1.0.1 h1:aiztZgzI2cd9FAtBNPILz01mQcZs1jMqJ467KKI4UQ0=
github.com/libdns/rfc2136 v1.0.1/go.mod h1:Uf4niCfXVgiMgwUrkPdIa5/sqLFdjVhkZj1ZfFAuSq4=
github.com/libdns/scaleway v0.2.2 h1:z82IFj5ePCaeyl6F7f+SBnbsHD8ulPNipbYEq4NwJwY=
github.com/libdns/scaleway v0.2.2/go.mod h1:hg0Na/hkuKKt3i7a6BrzSRqbkFY6943RunNLvkhNpro=
github.com/libdns/simplydotcom v1.0.0 h1:azWIh2KtcCgiP9Aw0xQdmOT5/BV7Gzfsm3GPx2xT9dU=
github.com/libdns/simplydotcom v1.0.0/go.mod h1:/Kmymu7kjcPe6mKVAzEIlzpsS4BePl0/s0AKCzPz/GM=
github.com/libdns/tencentcloud v1.4.2 h1:UXvNISlwmdAapYxMgwDZW7uvn8+Bor+puLx1p6VH0c0=
github.com/libdns/tencentcloud v1.4.2/go.mod h1:Be9gY3tDa12DuAPU79RV9NZIcjY6qg5s7zKPsP26yAM=
github.com/libdns/westcn v1.0.2 h1:PA2M3tME5/0T3klPMzSHvGk1EWnGNNkJiKxaJjFalnM=
github.com/libdns/westcn v1.0.2/go.mod h1:iKpk8jjOU+793Yp8nHoihPTCR6N1KWtm4/r8BB9mVnk=
github.com/luadns/luadns-go v0.3.0 h1:mN2yhFv/LnGvPw/HmvYUhXe+lc95oXUqjlYVeJeOJng=
github.com/luadns/luadns-go v0.3.0/go.mod h1:DmPXbrGMpynq1YNDpvgww3NP5Zf4wXM5raAbGrp5L+8=
github.com/luv2code/gomiabdns v1.1.0 h1:iDjc098bb3Zq33bEPhYlctblnEiIedCrtd3dy3sRlbg=
github.com/luv2code/gomiabdns v1.1.0/go.mod h1:7f3yAUOL/vWaL79rak3IQr2hRa0FQ365VesMv/zaHSQ=
github.com/mattn/go-colorable v0.1.13 h1:fFA4WZxdEF4tXPZVKMLwD8oUnCTTo08duU7wxecdEvA=
github.com/mattn/go-colorable v0.1.13/go.mod h1:7S9/ev0klgBDR4GtXTXX8a3vIGJpMovkB8vQcUbaXHg=
github.com/mattn/go-isatty v0.0.16/go.mod h1:kYGgaQfpe5nmfYZH+SKPsOc2e4SrIfOl2e/yFXSvRLM=
github.com/mattn/go-isatty v0.0.20 h1:xfD0iDuEKnDkl03q4limB+vH+GxLEtL/jb4xVJSWWEY=
github.com/mattn/go-isatty v0.0.20/go.mod h1:W+V8PltTTMOvKvAeJH7IuucS94S2C6jfK/D7dTCTo3Y=
github.com/maxatome/go-testdeep v1.12.0 h1:Ql7Go8Tg0C1D/uMMX59LAoYK7LffeJQ6X2T04nTH68g=
github.com/maxatome/go-testdeep v1.12.0/go.mod h1:lPZc/HAcJMP92l7yI6TRz1aZN5URwUBUAfUNvrclaNM=
github.com/miekg/dns v1.1.67 h1:kg0EHj0G4bfT5/oOys6HhZw4vmMlnoZ+gDu8tJ/AlI0=
github.com/miekg/dns v1.1.67/go.mod h1:fujopn7TB3Pu3JM69XaawiU0wqjpL9/8xGop5UrTPps=
github.com/mitchellh/mapstructure v1.5.0 h1:jeMsZIYE/09sWLaz43PL7Gy6RuMjD2eJVyuac5Z2hdY=
github.com/mitchellh/mapstructure v1.5.0/go.mod h1:bFUtVrKA4DC2yAKiSyO/QUcy7e+RRV2QTWOzhPopBRo=
github.com/onsi/ginkgo/v2 v2.15.0 h1:79HwNRBAZHOEwrczrgSOPy+eFTTlIGELKy5as+ClttY=
github.com/onsi/ginkgo/v2 v2.15.0/go.mod h1:HlxMHtYF57y6Dpf+mc5529KKmSq9h2FpCF+/ZkwUxKM=
github.com/onsi/gomega v1.31.1 h1:KYppCUK+bUgAZwHOu7EXVBKyQA6ILvOESHkn/tgoqvo=
github.com/onsi/gomega v1.31.1/go.mod h1:y40C95dwAD1Nz36SsEnxvfFe8FFfNxzI5eJ0EYGyAy0=
github.com/ovh/go-ovh v1.7.0 h1:V14nF7FwDjQrZt9g7jzcvAAQ3HN6DNShRFRMC3jLoPw=
github.com/ovh/go-ovh v1.7.0/go.mod h1:cTVDnl94z4tl8pP1uZ/8jlVxntjSIf09bNcQ5TJSC7c=
github.com/pkg/browser v0.0.0-20240102092130-5ac0b6a4141c h1:+mdjkGKdHQG3305AYmdv1U2eRNDiU2ErMBj1gwrq8eQ=
github.com/pkg/browser v0.0.0-20240102092130-5ac0b6a4141c/go.mod h1:7rwL4CYBLnjLxUqIJNnCWiEdr3bn6IUYi15bNlnbCCU=
github.com/pkg/errors v0.9.1 h1:FEBLx1zS214owpjy7qsBeixbURkuhQAwrK5UwLGTwt4=
github.com/pkg/errors v0.9.1/go.mod h1:bwawxfHBFNV+L2hUp1rHADufV3IMtnDRdf1r5NINEl0=
github.com/pmezard/go-difflib v1.0.0/go.mod h1:iKH77koFhYxTK1pcRnkKkqfTogsbg7gZNVY4sRDYZ/4=
github.com/pmezard/go-difflib v1.0.1-0.20181226105442-5d4384ee4fb2 h1:Jamvg5psRIccs7FGNTlIRMkT8wgtp5eCXdBlqhYGL6U=
github.com/pmezard/go-difflib v1.0.1-0.20181226105442-5d4384ee4fb2/go.mod h1:iKH77koFhYxTK1pcRnkKkqfTogsbg7gZNVY4sRDYZ/4=
github.com/pquerna/otp v1.4.0 h1:wZvl1TIVxKRThZIBiwOOHOGP/1+nZyWBil9Y2XNEDzg=
github.com/pquerna/otp v1.4.0/go.mod h1:dkJfzwRKNiegxyNb54X/3fLwhCynbMspSyWKnvi1AEg=
github.com/redis/go-redis/v9 v9.7.3 h1:YpPyAayJV+XErNsatSElgRZZVCwXX9QzkKYNvO7x0wM=
github.com/redis/go-redis/v9 v9.7.3/go.mod h1:bGUrSggJ9X9GUmZpZNEOQKaANxSGgOEBRltRTZHSvrA=
github.com/regfish/regfish-dnsapi-go v0.1.1 h1:TJFtbePHkd47q5GZwYl1h3DIYXmoxdLjW/SBsPtB5IE=
github.com/regfish/regfish-dnsapi-go v0.1.1/go.mod h1:ubIgXSfqarSnl3XHSn8hIFwFF3h0yrq0ZiWD93Y2VjY=
github.com/rogpeppe/go-internal v1.13.1 h1:KvO1DLK/DRN07sQ1LQKScxyZJuNnedQ5/wKSR38lUII=
github.com/rogpeppe/go-internal v1.13.1/go.mod h1:uMEvuHeurkdAXX61udpOXGD/AzZDWNMNyH2VO9fmH0o=
github.com/scaleway/scaleway-sdk-go v1.0.0-beta.33 h1:KhF0WejiUTDbL5X55nXowP7zNopwpowa6qaMAWyIE+0=
github.com/scaleway/scaleway-sdk-go v1.0.0-beta.33/go.mod h1:792k1RTU+5JeMXm35/e2Wgp71qPH/DmDoZrRc+EFZDk=
github.com/shopspring/decimal v1.4.0 h1:bxl37RwXBklmTi0C79JfXCEBD1cqqHt0bbgBAGFp81k=
github.com/shopspring/decimal v1.4.0/go.mod h1:gawqmDU56v4yIKSwfBSFip1HdCCXN8/+DMd9qYNcwME=
github.com/stretchr/objx v0.1.0/go.mod h1:HFkY916IF+rwdDfMAkV7OtwuqBVzrE8GR6GFx+wExME=
github.com/stretchr/objx v0.5.2 h1:xuMeJ0Sdp5ZMRXx/aWO6RZxdr3beISkG5/G/aIRr3pY=
github.com/stretchr/objx v0.5.2/go.mod h1:FRsXN1f5AsAjCGJKqEizvkpNtU+EGNCLh3NxZ/8L+MA=
github.com/stretchr/testify v1.3.0/go.mod h1:M5WIy9Dh21IEIfnGCwXGc5bZfKNJtfHm1UVUgZn+9EI=
github.com/stretchr/testify v1.10.0 h1:Xv5erBjTwe/5IxqUQTdXv5kgmIvbHo3QQyRwhJsOfJA=
github.com/stretchr/testify v1.10.0/go.mod h1:r2ic/lqez/lEtzL7wO/rwa5dbSLXVDPFyf8C91i36aY=
github.com/subchen/go-xmldom v1.1.2 h1:7evI2YqfYYOnuj+PBwyaOZZYjl3iWq35P6KfBUw9jeU=
github.com/subchen/go-xmldom v1.1.2/go.mod h1:6Pg/HuX5/T4Jlj0IPJF1sRxKVoI/rrKP6LIMge9d5/8=
github.com/tidwall/gjson v1.18.0 h1:FIDeeyB800efLX89e5a8Y0BNH+LOngJyGrIWxG2FKQY=
github.com/tidwall/gjson v1.18.0/go.mod h1:/wbyibRr2FHMks5tjHJ5F8dMZh3AcwJEMf5vlfC0lxk=
github.com/tidwall/match v1.1.1 h1:+Ho715JplO36QYgwN9PGYNhgZvoUSc9X2c80KVTi+GA=
github.com/tidwall/match v1.1.1/go.mod h1:eRSPERbgtNPcGhD8UCthc6PmLEQXEWd3PRB5JTxsfmM=
github.com/tidwall/pretty v1.2.0 h1:RWIZEg2iJ8/g6fDDYzMpobmaoGh5OLl4AXtGUGPcqCs=
github.com/tidwall/pretty v1.2.0/go.mod h1:ITEVvHYasfjBbM0u2Pg8T2nJnzm8xPwvNhhsoaGGjNU=
go.opentelemetry.io/auto/sdk v1.1.0 h1:cH53jehLUN6UFLY71z+NDOiNJqDdPRaXzTel0sJySYA=
go.opentelemetry.io/auto/sdk v1.1.0/go.mod h1:3wSPjt5PWp2RhlCcmmOial7AvC4DQqZb7a7wCow3W8A=
go.opentelemetry.io/contrib/instrumentation/net/http/otelhttp v0.60.0 h1:sbiXRNDSWJOTobXh5HyQKjq6wUC5tNybqjIqDpAY4CU=
go.opentelemetry.io/contrib/instrumentation/net/http/otelhttp v0.60.0/go.mod h1:69uWxva0WgAA/4bu2Yy70SLDBwZXuQ6PbBpbsa5iZrQ=
go.opentelemetry.io/otel v1.35.0 h1:xKWKPxrxB6OtMCbmMY021CqC45J+3Onta9MqjhnusiQ=
go.opentelemetry.io/otel v1.35.0/go.mod h1:UEqy8Zp11hpkUrL73gSlELM0DupHoiq72dR+Zqel/+Y=
go.opentelemetry.io/otel/metric v1.35.0 h1:0znxYu2SNyuMSQT4Y9WDWej0VpcsxkuklLa4/siN90M=
go.opentelemetry.io/otel/metric v1.35.0/go.mod h1:nKVFgxBZ2fReX6IlyW28MgZojkoAkJGaE8CpgeAU3oE=
go.opentelemetry.io/otel/sdk v1.35.0 h1:iPctf8iprVySXSKJffSS79eOjl9pvxV9ZqOWT0QejKY=
go.opentelemetry.io/otel/sdk v1.35.0/go.mod h1:+ga1bZliga3DxJ3CQGg3updiaAJoNECOgJREo9KHGQg=
go.opentelemetry.io/otel/sdk/metric v1.35.0 h1:1RriWBmCKgkeHEhM7a2uMjMUfP7MsOF5JpUCaEqEI9o=
go.opentelemetry.io/otel/sdk/metric v1.35.0/go.mod h1:is6XYCUMpcKi+ZsOvfluY5YstFnhW0BidkR+gL+qN+w=
go.opentelemetry.io/otel/trace v1.35.0 h1:dPpEfJu1sDIqruz7BHFG3c7528f6ddfSWfFDVt/xgMs=
go.opentelemetry.io/otel/trace v1.35.0/go.mod h1:WUk7DtFp1Aw2MkvqGdwiXYDZZNvA/1J8o6xRXLrIkyc=
golang.org/x/crypto v0.40.0 h1:r4x+VvoG5Fm+eJcxMaY8CQM7Lb0l1lsmjGBQ6s8BfKM=
golang.org/x/crypto v0.40.0/go.mod h1:Qr1vMER5WyS2dfPHAlsOj01wgLbsyWtFn/aY+5+ZdxY=
golang.org/x/mod v0.25.0 h1:n7a+ZbQKQA/Ysbyb0/6IbB1H/X41mKgbhfv7AfG/44w=
golang.org/x/mod v0.25.0/go.mod h1:IXM97Txy2VM4PJ3gI61r1YEk/gAj6zAHN3AdZt6S9Ww=
golang.org/x/net v0.42.0 h1:jzkYrhi3YQWD6MLBJcsklgQsoAcw89EcZbJw8Z614hs=
golang.org/x/net v0.42.0/go.mod h1:FF1RA5d3u7nAYA4z2TkclSCKh68eSXtiFwcWQpPXdt8=
golang.org/x/oauth2 v0.30.0 h1:dnDm7JmhM45NNpd8FDDeLhK6FwqbOf4MLCM9zb1BOHI=
golang.org/x/oauth2 v0.30.0/go.mod h1:B++QgG3ZKulg6sRPGD/mqlHQs5rB3Ml9erfeDY7xKlU=
golang.org/x/sync v0.16.0 h1:ycBJEhp9p4vXvUZNszeOq0kGTPghopOL8q0fq3vstxw=
golang.org/x/sync v0.16.0/go.mod h1:1dzgHSNfp02xaA81J2MS99Qcpr2w7fw1gpm99rleRqA=
golang.org/x/sys v0.0.0-20191204072324-ce4227a45e2e/go.mod h1:h1NjWce9XRLGQEsW7wpKNCjG9DtNlClVuFLEZdDNbEs=
golang.org/x/sys v0.0.0-20220811171246-fbc7d0a398ab/go.mod h1:oPkhp1MJrh7nUepCBck5+mAzfO9JrbApNNgaTdGDITg=
golang.org/x/sys v0.1.0/go.mod h1:oPkhp1MJrh7nUepCBck5+mAzfO9JrbApNNgaTdGDITg=
golang.org/x/sys v0.6.0/go.mod h1:oPkhp1MJrh7nUepCBck5+mAzfO9JrbApNNgaTdGDITg=
golang.org/x/sys v0.34.0 h1:H5Y5sJ2L2JRdyv7ROF1he/lPdvFsd0mJHFw2ThKHxLA=
golang.org/x/sys v0.34.0/go.mod h1:BJP2sWEmIv4KK5OTEluFJCKSidICx8ciO85XgH3Ak8k=
golang.org/x/text v0.3.3/go.mod h1:5Zoc/QRtKVWzQhOtBMvqHzDpF6irO9z98xDceosuGiQ=
golang.org/x/text v0.27.0 h1:4fGWRpyh641NLlecmyl4LOe6yDdfaYNrGb2zdfo4JV4=
golang.org/x/text v0.27.0/go.mod h1:1D28KMCvyooCX9hBiosv5Tz/+YLxj0j7XhWjpSUF7CU=
golang.org/x/time v0.12.0 h1:ScB/8o8olJvc+CQPWrK3fPZNfh7qgwCrY0zJmoEQLSE=
golang.org/x/time v0.12.0/go.mod h1:CDIdPxbZBQxdj6cxyCIdrNogrJKMJ7pr37NYpMcMDSg=
golang.org/x/tools v0.0.0-20180917221912-90fa682c2a6e/go.mod h1:n7NCudcB/nEzxVGmLbDWY5pfWTLqBcC2KZ6jyYvM4mQ=
golang.org/x/tools v0.34.0 h1:qIpSLOxeCYGg9TrcJokLBG4KFA6d795g0xkBkiESGlo=
golang.org/x/tools v0.34.0/go.mod h1:pAP9OwEaY1CAW3HOmg3hLZC5Z0CCmzjAF2UQMSqNARg=
golang.org/x/xerrors v0.0.0-20191204190536-9bdfabe68543/go.mod h1:I/5z698sn9Ka8TeJc9MKroUUfqBBauWjQqLJ2OPfmY0=
google.golang.org/api v0.233.0 h1:iGZfjXAJiUFSSaekVB7LzXl6tRfEKhUN7FkZN++07tI=
google.golang.org/api v0.233.0/go.mod h1:TCIVLLlcwunlMpZIhIp7Ltk77W+vUSdUKAAIlbxY44c=
google.golang.org/genproto v0.0.0-20250512202823-5a2f75b736a9 h1:0DnDgelxbooHLt0nyiPeCP0zrH/RL+UG558i1oNU1xE=
google.golang.org/genproto/googleapis/api v0.0.0-20250505200425-f936aa4a68b2 h1:vPV0tzlsK6EzEDHNNH5sa7Hs9bd7iXR7B1tSiPepkV0=
google.golang.org/genproto/googleapis/api v0.0.0-20250505200425-f936aa4a68b2/go.mod h1:pKLAc5OolXC3ViWGI62vvC0n10CpwAtRcTNCFwTKBEw=
google.golang.org/genproto/googleapis/rpc v0.0.0-20250505200425-f936aa4a68b2 h1:IqsN8hx+lWLqlN+Sc3DoMy/watjofWiU8sRFgQ8fhKM=
google.golang.org/genproto/googleapis/rpc v0.0.0-20250505200425-f936aa4a68b2/go.mod h1:qQ0YXyHHx3XkvlzUtpXDkS29lDSafHMZBAZDc03LQ3A=
google.golang.org/grpc v1.72.0 h1:S7UkcVa60b5AAQTaO6ZKamFp1zMZSU0fGDK2WZLbBnM=
google.golang.org/grpc v1.72.0/go.mod h1:wH5Aktxcg25y1I3w7H69nHfXdOG3UiadoBtjh3izSDM=
google.golang.org/protobuf v1.36.6 h1:z1NpPI8ku2WgiWnf+t9wTPsn6eP1L7ksHUlkfLvd9xY=
google.golang.org/protobuf v1.36.6/go.mod h1:jduwjTPXsFjZGTmRluh+L6NjiWu7pchiJ2/5YcXBHnY=
gopkg.in/check.v1 v0.0.0-20161208181325-20d25e280405/go.mod h1:Co6ibVJAznAaIkqp8huTwlJQCZ016jof/cbN4VW5Yz0=
gopkg.in/check.v1 v1.0.0-20201130134442-10cb98267c6c h1:Hei/4ADfdWqJk1ZMxUNpqntNwaWcugrBjAiHlqqRiVk=
gopkg.in/check.v1 v1.0.0-20201130134442-10cb98267c6c/go.mod h1:JHkPIbrfpd72SG/EVd6muEfDQjcINNoR0C8j2r3qZ4Q=
gopkg.in/ini.v1 v1.67.0 h1:Dgnx+6+nfE+IfzjUEISNeydPJh9AXNNsWbGP9KzCsOA=
gopkg.in/ini.v1 v1.67.0/go.mod h1:pNLf8WUiyNEtQjuu5G5vTm06TEv9tsIgeAvK8hOrP4k=
gopkg.in/yaml.v2 v2.4.0 h1:D8xgwECY7CYvx+Y2n4sBz93Jn9JRvxdiyyo8CTfuKaY=
gopkg.in/yaml.v2 v2.4.0/go.mod h1:RDklbk79AGWmwhnvt/jBztapEOGDOx6ZbXqjP6csGnQ=
gopkg.in/yaml.v3 v3.0.1 h1:fxVm/GzAzEWqLHuvctI91KS9hhNmmWOoWu0XTYJS7CA=
gopkg.in/yaml.v3 v3.0.1/go.mod h1:K4uyk7z7BCEPqu6E+C64Yfv1cQ7kz7rIZviUmN+EgEM=
